
Microsoft Visual Studio Solution File, Format Version 12.00
# Visual Studio 14
VisualStudioVersion = 14.0.24720.0
MinimumVisualStudioVersion = 10.0.40219.1
Project("{FAE04EC0-301F-11D3-BF4B-00C04F79EFBC}") = "Impol_Naloga", "Impol_Naloga\Impol_Naloga.csproj", "{9A35724E-981E-4442-8AAD-5DA17061C4C6}"
EndProject
Project("{FAE04EC0-301F-11D3-BF4B-00C04F79EFBC}") = "RondelCalculationDLL", "RondelCalculationDLL\RondelCalculationDLL.csproj", "{963C16A6-A37D-452D-BCDD-FDB4AAD9B95C}"
EndProject
Project("{FAE04EC0-301F-11D3-BF4B-00C04F79EFBC}") = "Tester", "Tester\Tester.csproj", "{02FE7C7C-2815-4389-A445-0761B3101952}"
EndProject
Project("{FAE04EC0-301F-11D3-BF4B-00C04F79EFBC}") = "Impol_API", "Impol_API\Impol_API.csproj", "{68BE6DEC-7625-4928-8932-731BAC95A0A8}"
EndProject
Global
	GlobalSection(SolutionConfigurationPlatforms) = preSolution
		Debug|Any CPU = Debug|Any CPU
		Release|Any CPU = Release|Any CPU
	EndGlobalSection
	GlobalSection(ProjectConfigurationPlatforms) = postSolution
		{9A35724E-981E-4442-8AAD-5DA17061C4C6}.Debug|Any CPU.ActiveCfg = Debug|Any CPU
		{9A35724E-981E-4442-8AAD-5DA17061C4C6}.Debug|Any CPU.Build.0 = Debug|Any CPU
		{9A35724E-981E-4442-8AAD-5DA17061C4C6}.Release|Any CPU.ActiveCfg = Release|Any CPU
		{9A35724E-981E-4442-8AAD-5DA17061C4C6}.Release|Any CPU.Build.0 = Release|Any CPU
		{963C16A6-A37D-452D-BCDD-FDB4AAD9B95C}.Debug|Any CPU.ActiveCfg = Debug|Any CPU
		{963C16A6-A37D-452D-BCDD-FDB4AAD9B95C}.Debug|Any CPU.Build.0 = Debug|Any CPU
		{963C16A6-A37D-452D-BCDD-FDB4AAD9B95C}.Release|Any CPU.ActiveCfg = Release|Any CPU
		{963C16A6-A37D-452D-BCDD-FDB4AAD9B95C}.Release|Any CPU.Build.0 = Release|Any CPU
		{02FE7C7C-2815-4389-A445-0761B3101952}.Debug|Any CPU.ActiveCfg = Debug|Any CPU
		{02FE7C7C-2815-4389-A445-0761B3101952}.Debug|Any CPU.Build.0 = Debug|Any CPU
		{02FE7C7C-2815-4389-A445-0761B3101952}.Release|Any CPU.ActiveCfg = Release|Any CPU
		{02FE7C7C-2815-4389-A445-0761B3101952}.Release|Any CPU.Build.0 = Release|Any CPU
		{68BE6DEC-7625-4928-8932-731BAC95A0A8}.Debug|Any CPU.ActiveCfg = Debug|Any CPU
		{68BE6DEC-7625-4928-8932-731BAC95A0A8}.Debug|Any CPU.Build.0 = Debug|Any CPU
		{68BE6DEC-7625-4928-8932-731BAC95A0A8}.Release|Any CPU.ActiveCfg = Release|Any CPU
		{68BE6DEC-7625-4928-8932-731BAC95A0A8}.Release|Any CPU.Build.0 = Release|Any CPU
	EndGlobalSection
	GlobalSection(SolutionProperties) = preSolution
		HideSolutionNode = FALSE
	EndGlobalSection
EndGlobal
